
Microsoft Visual Studio Solution File, Format Version 12.00
# Visual Studio Version 17
VisualStudioVersion = 17.14.36301.6 d17.14
MinimumVisualStudioVersion = 10.0.40219.1
Project("{FAE04EC0-301F-11D3-BF4B-00C04F79EFBC}") = "Emp_Git", "Emp_Git\Emp_Git.csproj", "{DACD0946-2C86-492A-B4BE-8EDB54AC06D0}"
EndProject
Global
	GlobalSection(SolutionConfigurationPlatforms) = preSolution
		Debug|Any CPU = Debug|Any CPU
		Release|Any CPU = Release|Any CPU
	EndGlobalSection
	GlobalSection(ProjectConfigurationPlatforms) = postSolution
		{DACD0946-2C86-492A-B4BE-8EDB54AC06D0}.Debug|Any CPU.ActiveCfg = Debug|Any CPU
		{DACD0946-2C86-492A-B4BE-8EDB54AC06D0}.Debug|Any CPU.Build.0 = Debug|Any CPU
		{DACD0946-2C86-492A-B4BE-8EDB54AC06D0}.Release|Any CPU.ActiveCfg = Release|Any CPU
		{DACD0946-2C86-492A-B4BE-8EDB54AC06D0}.Release|Any CPU.Build.0 = Release|Any CPU
	EndGlobalSection
	GlobalSection(SolutionProperties) = preSolution
		HideSolutionNode = FALSE
	EndGlobalSection
	GlobalSection(ExtensibilityGlobals) = postSolution
		SolutionGuid = {9CB2CF15-AB78-482C-BE2B-6386FE1D5E71}
	EndGlobalSection
EndGlobal
